
Microsoft Visual Studio Solution File, Format Version 12.00
# Visual Studio Version 17
VisualStudioVersion = 17.5.002.0
MinimumVisualStudioVersion = 10.0.40219.1
Project("{9A19103F-16F7-4668-BE54-9A1E7A4F7556}") = "Task1", "Task1\Task1.csproj", "{F08B35CA-7996-4DAB-9B9B-3818BDA41435}"
EndProject
Project("{9A19103F-16F7-4668-BE54-9A1E7A4F7556}") = "Task2", "Task2\Task2.csproj", "{B6A0A63A-5B0E-402D-AAFF-5A925B1D723A}"
EndProject
Project("{9A19103F-16F7-4668-BE54-9A1E7A4F7556}") = "Task3", "Task3\Task3.csproj", "{ECB2B9C4-804B-46A8-897C-1AF0EF39988D}"
EndProject
Global
	GlobalSection(SolutionConfigurationPlatforms) = preSolution
		Debug|Any CPU = Debug|Any CPU
		Release|Any CPU = Release|Any CPU
	EndGlobalSection
	GlobalSection(ProjectConfigurationPlatforms) = postSolution
		{F08B35CA-7996-4DAB-9B9B-3818BDA41435}.Debug|Any CPU.ActiveCfg = Debug|Any CPU
		{F08B35CA-7996-4DAB-9B9B-3818BDA41435}.Debug|Any CPU.Build.0 = Debug|Any CPU
		{F08B35CA-7996-4DAB-9B9B-3818BDA41435}.Release|Any CPU.ActiveCfg = Release|Any CPU
		{F08B35CA-7996-4DAB-9B9B-3818BDA41435}.Release|Any CPU.Build.0 = Release|Any CPU
		{B6A0A63A-5B0E-402D-AAFF-5A925B1D723A}.Debug|Any CPU.ActiveCfg = Debug|Any CPU
		{B6A0A63A-5B0E-402D-AAFF-5A925B1D723A}.Debug|Any CPU.Build.0 = Debug|Any CPU
		{B6A0A63A-5B0E-402D-AAFF-5A925B1D723A}.Release|Any CPU.ActiveCfg = Release|Any CPU
		{B6A0A63A-5B0E-402D-AAFF-5A925B1D723A}.Release|Any CPU.Build.0 = Release|Any CPU
		{ECB2B9C4-804B-46A8-897C-1AF0EF39988D}.Debug|Any CPU.ActiveCfg = Debug|Any CPU
		{ECB2B9C4-804B-46A8-897C-1AF0EF39988D}.Debug|Any CPU.Build.0 = Debug|Any CPU
		{ECB2B9C4-804B-46A8-897C-1AF0EF39988D}.Release|Any CPU.ActiveCfg = Release|Any CPU
		{ECB2B9C4-804B-46A8-897C-1AF0EF39988D}.Release|Any CPU.Build.0 = Release|Any CPU
	EndGlobalSection
	GlobalSection(SolutionProperties) = preSolution
		HideSolutionNode = FALSE
	EndGlobalSection
	GlobalSection(ExtensibilityGlobals) = postSolution
		SolutionGuid = {92F7E857-706A-4B58-AE43-DAF3EB35AFE7}
	EndGlobalSection
EndGlobal
